
Microsoft Visual Studio Solution File, Format Version 12.00
# Visual Studio Version 16
VisualStudioVersion = 16.0.30011.22
MinimumVisualStudioVersion = 10.0.40219.1
Project("{9A19103F-16F7-4668-BE54-9A1E7A4F7556}") = "TradingEngine", "TradingEngine\TradingEngine.csproj", "{58F4AFD4-A3C4-4587-A8E2-649EC035FB9A}"
EndProject
Project("{FAE04EC0-301F-11D3-BF4B-00C04F79EFBC}") = "TradingEngine.Tests", "TradingEngine.Tests\TradingEngine.Tests.csproj", "{299CE203-0752-4EE6-AE7E-2EDA596985F3}"
EndProject
Global
	GlobalSection(SolutionConfigurationPlatforms) = preSolution
		Debug|Any CPU = Debug|Any CPU
		Release|Any CPU = Release|Any CPU
	EndGlobalSection
	GlobalSection(ProjectConfigurationPlatforms) = postSolution
		{58F4AFD4-A3C4-4587-A8E2-649EC035FB9A}.Debug|Any CPU.ActiveCfg = Debug|Any CPU
		{58F4AFD4-A3C4-4587-A8E2-649EC035FB9A}.Debug|Any CPU.Build.0 = Debug|Any CPU
		{58F4AFD4-A3C4-4587-A8E2-649EC035FB9A}.Release|Any CPU.ActiveCfg = Release|Any CPU
		{58F4AFD4-A3C4-4587-A8E2-649EC035FB9A}.Release|Any CPU.Build.0 = Release|Any CPU
		{299CE203-0752-4EE6-AE7E-2EDA596985F3}.Debug|Any CPU.ActiveCfg = Debug|Any CPU
		{299CE203-0752-4EE6-AE7E-2EDA596985F3}.Debug|Any CPU.Build.0 = Debug|Any CPU
		{299CE203-0752-4EE6-AE7E-2EDA596985F3}.Release|Any CPU.ActiveCfg = Release|Any CPU
		{299CE203-0752-4EE6-AE7E-2EDA596985F3}.Release|Any CPU.Build.0 = Release|Any CPU
	EndGlobalSection
	GlobalSection(SolutionProperties) = preSolution
		HideSolutionNode = FALSE
	EndGlobalSection
	GlobalSection(ExtensibilityGlobals) = postSolution
		SolutionGuid = {8E91D571-9AAD-4931-BE72-8D31CA1CBF41}
	EndGlobalSection
EndGlobal
